// !$*UTF8*$!
{
	archiveVersion = 1;
	classes = {
	};
	objectVersion = 46;
	objects = {

/* Begin PBXBuildFile section */
		4344693E17CC55C400EAC059 /* Foundation.framework in Frameworks */ = {isa = PBXBuildFile; fileRef = 4344693D17CC55C400EAC059 /* Foundation.framework */; };
		4344694017CC55C400EAC059 /* CoreGraphics.framework in Frameworks */ = {isa = PBXBuildFile; fileRef = 4344693F17CC55C400EAC059 /* CoreGraphics.framework */; };
		4344694217CC55C400EAC059 /* UIKit.framework in Frameworks */ = {isa = PBXBuildFile; fileRef = 4344694117CC55C400EAC059 /* UIKit.framework */; };
		4344694817CC55C400EAC059 /* InfoPlist.strings in Resources */ = {isa = PBXBuildFile; fileRef = 4344694617CC55C400EAC059 /* InfoPlist.strings */; };
		4344694A17CC55C400EAC059 /* main.m in Sources */ = {isa = PBXBuildFile; fileRef = 4344694917CC55C400EAC059 /* main.m */; };
		4344694E17CC55C400EAC059 /* SpriteAppDelegate.m in Sources */ = {isa = PBXBuildFile; fileRef = 4344694D17CC55C400EAC059 /* SpriteAppDelegate.m */; };
		4344695117CC55C400EAC059 /* Main_iPhone.storyboard in Resources */ = {isa = PBXBuildFile; fileRef = 4344694F17CC55C400EAC059 /* Main_iPhone.storyboard */; };
		4344695417CC55C400EAC059 /* Main_iPad.storyboard in Resources */ = {isa = PBXBuildFile; fileRef = 4344695217CC55C400EAC059 /* Main_iPad.storyboard */; };
		4344695717CC55C400EAC059 /* SpriteViewController.m in Sources */ = {isa = PBXBuildFile; fileRef = 4344695617CC55C400EAC059 /* SpriteViewController.m */; };
		4344695917CC55C400EAC059 /* Images.xcassets in Resources */ = {isa = PBXBuildFile; fileRef = 4344695817CC55C400EAC059 /* Images.xcassets */; };
		4344696017CC55C400EAC059 /* XCTest.framework in Frameworks */ = {isa = PBXBuildFile; fileRef = 4344695F17CC55C400EAC059 /* XCTest.framework */; };
		4344696117CC55C400EAC059 /* Foundation.framework in Frameworks */ = {isa = PBXBuildFile; fileRef = 4344693D17CC55C400EAC059 /* Foundation.framework */; };
		4344696217CC55C400EAC059 /* UIKit.framework in Frameworks */ = {isa = PBXBuildFile; fileRef = 4344694117CC55C400EAC059 /* UIKit.framework */; };
		4344696A17CC55C400EAC059 /* InfoPlist.strings in Resources */ = {isa = PBXBuildFile; fileRef = 4344696817CC55C400EAC059 /* InfoPlist.strings */; };
		4344696C17CC55C400EAC059 /* SpriteWalkthroughTests.m in Sources */ = {isa = PBXBuildFile; fileRef = 4344696B17CC55C400EAC059 /* SpriteWalkthroughTests.m */; };
		4344697B17CC57BB00EAC059 /* HelloScene.m in Sources */ = {isa = PBXBuildFile; fileRef = 4344697A17CC57BB00EAC059 /* HelloScene.m */; };
/* End PBXBuildFile section */

/* Begin PBXContainerItemProxy section */
		4344696317CC55C400EAC059 /* PBXContainerItemProxy */ = {
			isa = PBXContainerItemProxy;
			containerPortal = 4344693217CC55C400EAC059 /* Project object */;
			proxyType = 1;
			remoteGlobalIDString = 4344693917CC55C400EAC059;
			remoteInfo = SpriteWalkthrough;
		};
/* End PBXContainerItemProxy section */

/* Begin PBXFileReference section */
		4344693A17CC55C400EAC059 /* SpriteWalkthrough.app */ = {isa = PBXFileReference; explicitFileType = wrapper.application; includeInIndex = 0; path = SpriteWalkthrough.app; sourceTree = BUILT_PRODUCTS_DIR; };
		4344693D17CC55C400EAC059 /* Foundation.framework */ = {isa = PBXFileReference; lastKnownFileType = wrapper.framework; name = Foundation.framework; path = System/Library/Frameworks/Foundation.framework; sourceTree = SDKROOT; };
		4344693F17CC55C400EAC059 /* CoreGraphics.framework */ = {isa = PBXFileReference; lastKnownFileType = wrapper.framework; name = CoreGraphics.framework; path = System/Library/Frameworks/CoreGraphics.framework; sourceTree = SDKROOT; };
		4344694117CC55C400EAC059 /* UIKit.framework */ = {isa = PBXFileReference; lastKnownFileType = wrapper.framework; name = UIKit.framework; path = System/Library/Frameworks/UIKit.framework; sourceTree = SDKROOT; };
		4344694517CC55C400EAC059 /* SpriteWalkthrough-Info.plist */ = {isa = PBXFileReference; lastKnownFileType = text.plist.xml; path = "SpriteWalkthrough-Info.plist"; sourceTree = "<group>"; };
		4344694717CC55C400EAC059 /* en */ = {isa = PBXFileReference; lastKnownFileType = text.plist.strings; name = en; path = en.lproj/InfoPlist.strings; sourceTree = "<group>"; };
		4344694917CC55C400EAC059 /* main.m */ = {isa = PBXFileReference; lastKnownFileType = sourcecode.c.objc; path = main.m; sourceTree = "<group>"; };
		4344694B17CC55C400EAC059 /* SpriteWalkthrough-Prefix.pch */ = {isa = PBXFileReference; lastKnownFileType = sourcecode.c.h; path = "SpriteWalkthrough-Prefix.pch"; sourceTree = "<group>"; };
		4344694C17CC55C400EAC059 /* SpriteAppDelegate.h */ = {isa = PBXFileReference; lastKnownFileType = sourcecode.c.h; path = SpriteAppDelegate.h; sourceTree = "<group>"; };
		4344694D17CC55C400EAC059 /* SpriteAppDelegate.m */ = {isa = PBXFileReference; lastKnownFileType = sourcecode.c.objc; path = SpriteAppDelegate.m; sourceTree = "<group>"; };
		4344695017CC55C400EAC059 /* Base */ = {isa = PBXFileReference; lastKnownFileType = file.storyboard; name = Base; path = Base.lproj/Main_iPhone.storyboard; sourceTree = "<group>"; };
		4344695317CC55C400EAC059 /* Base */ = {isa = PBXFileReference; lastKnownFileType = file.storyboard; name = Base; path = Base.lproj/Main_iPad.storyboard; sourceTree = "<group>"; };
		4344695517CC55C400EAC059 /* SpriteViewController.h */ = {isa = PBXFileReference; lastKnownFileType = sourcecode.c.h; path = SpriteViewController.h; sourceTree = "<group>"; };
		4344695617CC55C400EAC059 /* SpriteViewController.m */ = {isa = PBXFileReference; lastKnownFileType = sourcecode.c.objc; path = SpriteViewController.m; sourceTree = "<group>"; };
		4344695817CC55C400EAC059 /* Images.xcassets */ = {isa = PBXFileReference; lastKnownFileType = folder.assetcatalog; path = Images.xcassets; sourceTree = "<group>"; };
		4344695E17CC55C400EAC059 /* SpriteWalkthroughTests.xctest */ = {isa = PBXFileReference; explicitFileType = wrapper.cfbundle; includeInIndex = 0; path = SpriteWalkthroughTests.xctest; sourceTree = BUILT_PRODUCTS_DIR; };
		4344695F17CC55C400EAC059 /* XCTest.framework */ = {isa = PBXFileReference; lastKnownFileType = wrapper.framework; name = XCTest.framework; path = Library/Frameworks/XCTest.framework; sourceTree = DEVELOPER_DIR; };
		4344696717CC55C400EAC059 /* SpriteWalkthroughTests-Info.plist */ = {isa = PBXFileReference; lastKnownFileType = text.plist.xml; path = "SpriteWalkthroughTests-Info.plist"; sourceTree = "<group>"; };
		4344696917CC55C400EAC059 /* en */ = {isa = PBXFileReference; lastKnownFileType = text.plist.strings; name = en; path = en.lproj/InfoPlist.strings; sourceTree = "<group>"; };
		4344696B17CC55C400EAC059 /* SpriteWalkthroughTests.m */ = {isa = PBXFileReference; lastKnownFileType = sourcecode.c.objc; path = SpriteWalkthroughTests.m; sourceTree = "<group>"; };
		4344697917CC57BB00EAC059 /* HelloScene.h */ = {isa = PBXFileReference; fileEncoding = 4; lastKnownFileType = sourcecode.c.h; path = HelloScene.h; sourceTree = "<group>"; };
		4344697A17CC57BB00EAC059 /* HelloScene.m */ = {isa = PBXFileReference; fileEncoding = 4; lastKnownFileType = sourcecode.c.objc; path = HelloScene.m; sourceTree = "<group>"; };
/* End PBXFileReference section */

/* Begin PBXFrameworksBuildPhase section */
		4344693717CC55C400EAC059 /* Frameworks */ = {
			isa = PBXFrameworksBuildPhase;
			buildActionMask = 2147483647;
			files = (
				4344694017CC55C400EAC059 /* CoreGraphics.framework in Frameworks */,
				4344694217CC55C400EAC059 /* UIKit.framework in Frameworks */,
				4344693E17CC55C400EAC059 /* Foundation.framework in Frameworks */,
			);
			runOnlyForDeploymentPostprocessing = 0;
		};
		4344695B17CC55C400EAC059 /* Frameworks */ = {
			isa = PBXFrameworksBuildPhase;
			buildActionMask = 2147483647;
			files = (
				4344696017CC55C400EAC059 /* XCTest.framework in Frameworks */,
				4344696217CC55C400EAC059 /* UIKit.framework in Frameworks */,
				4344696117CC55C400EAC059 /* Foundation.framework in Frameworks */,
			);
			runOnlyForDeploymentPostprocessing = 0;
		};
/* End PBXFrameworksBuildPhase section */

/* Begin PBXGroup section */
		4344693117CC55C400EAC059 = {
			isa = PBXGroup;
			children = (
				4344694317CC55C400EAC059 /* SpriteWalkthrough */,
				4344696517CC55C400EAC059 /* SpriteWalkthroughTests */,
				4344693C17CC55C400EAC059 /* Frameworks */,
				4344693B17CC55C400EAC059 /* Products */,
			);
			sourceTree = "<group>";
		};
		4344693B17CC55C400EAC059 /* Products */ = {
			isa = PBXGroup;
			children = (
				4344693A17CC55C400EAC059 /* SpriteWalkthrough.app */,
				4344695E17CC55C400EAC059 /* SpriteWalkthroughTests.xctest */,
			);
			name = Products;
			sourceTree = "<group>";
		};
		4344693C17CC55C400EAC059 /* Frameworks */ = {
			isa = PBXGroup;
			children = (
				4344693D17CC55C400EAC059 /* Foundation.framework */,
				4344693F17CC55C400EAC059 /* CoreGraphics.framework */,
				4344694117CC55C400EAC059 /* UIKit.framework */,
				4344695F17CC55C400EAC059 /* XCTest.framework */,
			);
			name = Frameworks;
			sourceTree = "<group>";
		};
		4344694317CC55C400EAC059 /* SpriteWalkthrough */ = {
			isa = PBXGroup;
			children = (
				4344697817CC57BB00EAC059 /* HelloScene */,
				4344694C17CC55C400EAC059 /* SpriteAppDelegate.h */,
				4344694D17CC55C400EAC059 /* SpriteAppDelegate.m */,
				4344694F17CC55C400EAC059 /* Main_iPhone.storyboard */,
				4344695217CC55C400EAC059 /* Main_iPad.storyboard */,
				4344695517CC55C400EAC059 /* SpriteViewController.h */,
				4344695617CC55C400EAC059 /* SpriteViewController.m */,
				4344695817CC55C400EAC059 /* Images.xcassets */,
				4344694417CC55C400EAC059 /* Supporting Files */,
			);
			path = SpriteWalkthrough;
			sourceTree = "<group>";
		};
		4344694417CC55C400EAC059 /* Supporting Files */ = {
			isa = PBXGroup;
			children = (
				4344694517CC55C400EAC059 /* SpriteWalkthrough-Info.plist */,
				4344694617CC55C400EAC059 /* InfoPlist.strings */,
				4344694917CC55C400EAC059 /* main.m */,
				4344694B17CC55C400EAC059 /* SpriteWalkthrough-Prefix.pch */,
			);
			name = "Supporting Files";
			sourceTree = "<group>";
		};
		4344696517CC55C400EAC059 /* SpriteWalkthroughTests */ = {
			isa = PBXGroup;
			children = (
				4344696B17CC55C400EAC059 /* SpriteWalkthroughTests.m */,
				4344696617CC55C400EAC059 /* Supporting Files */,
			);
			path = SpriteWalkthroughTests;
			sourceTree = "<group>";
		};
		4344696617CC55C400EAC059 /* Supporting Files */ = {
			isa = PBXGroup;
			children = (
				4344696717CC55C400EAC059 /* SpriteWalkthroughTests-Info.plist */,
				4344696817CC55C400EAC059 /* InfoPlist.strings */,
			);
			name = "Supporting Files";
			sourceTree = "<group>";
		};
		4344697817CC57BB00EAC059 /* HelloScene */ = {
			isa = PBXGroup;
			children = (
				4344697917CC57BB00EAC059 /* HelloScene.h */,
				4344697A17CC57BB00EAC059 /* HelloScene.m */,
			);
			path = HelloScene;
			sourceTree = "<group>";
		};
/* End PBXGroup section */

/* Begin PBXNativeTarget section */
		4344693917CC55C400EAC059 /* SpriteWalkthrough */ = {
			isa = PBXNativeTarget;
			buildConfigurationList = 4344696F17CC55C400EAC059 /* Build configuration list for PBXNativeTarget "SpriteWalkthrough" */;
			buildPhases = (
				4344693617CC55C400EAC059 /* Sources */,
				4344693717CC55C400EAC059 /* Frameworks */,
				4344693817CC55C400EAC059 /* Resources */,
			);
			buildRules = (
			);
			dependencies = (
			);
			name = SpriteWalkthrough;
			productName = SpriteWalkthrough;
			productReference = 4344693A17CC55C400EAC059 /* SpriteWalkthrough.app */;
			productType = "com.apple.product-type.application";
		};
		4344695D17CC55C400EAC059 /* SpriteWalkthroughTests */ = {
			isa = PBXNativeTarget;
			buildConfigurationList = 4344697217CC55C400EAC059 /* Build configuration list for PBXNativeTarget "SpriteWalkthroughTests" */;
			buildPhases = (
				4344695A17CC55C400EAC059 /* Sources */,
				4344695B17CC55C400EAC059 /* Frameworks */,
				4344695C17CC55C400EAC059 /* Resources */,
			);
			buildRules = (
			);
			dependencies = (
				4344696417CC55C400EAC059 /* PBXTargetDependency */,
			);
			name = SpriteWalkthroughTests;
			productName = SpriteWalkthroughTests;
			productReference = 4344695E17CC55C400EAC059 /* SpriteWalkthroughTests.xctest */;
			productType = "com.apple.product-type.bundle.unit-test";
		};
/* End PBXNativeTarget section */

/* Begin PBXProject section */
		4344693217CC55C400EAC059 /* Project object */ = {
			isa = PBXProject;
			attributes = {
				CLASSPREFIX = Sprite;
				LastUpgradeCheck = 0500;
				ORGANIZATIONNAME = saranpol;
				TargetAttributes = {
					4344695D17CC55C400EAC059 = {
						TestTargetID = 4344693917CC55C400EAC059;
					};
				};
			};
			buildConfigurationList = 4344693517CC55C400EAC059 /* Build configuration list for PBXProject "SpriteWalkthrough" */;
			compatibilityVersion = "Xcode 3.2";
			developmentRegion = English;
			hasScannedForEncodings = 0;
			knownRegions = (
				en,
				Base,
			);
			mainGroup = 4344693117CC55C400EAC059;
			productRefGroup = 4344693B17CC55C400EAC059 /* Products */;
			projectDirPath = "";
			projectRoot = "";
			targets = (
				4344693917CC55C400EAC059 /* SpriteWalkthrough */,
				4344695D17CC55C400EAC059 /* SpriteWalkthroughTests */,
			);
		};
/* End PBXProject section */

/* Begin PBXResourcesBuildPhase section */
		4344693817CC55C400EAC059 /* Resources */ = {
			isa = PBXResourcesBuildPhase;
			buildActionMask = 2147483647;
			files = (
				4344695417CC55C400EAC059 /* Main_iPad.storyboard in Resources */,
				4344695917CC55C400EAC059 /* Images.xcassets in Resources */,
				4344695117CC55C400EAC059 /* Main_iPhone.storyboard in Resources */,
				4344694817CC55C400EAC059 /* InfoPlist.strings in Resources */,
			);
			runOnlyForDeploymentPostprocessing = 0;
		};
		4344695C17CC55C400EAC059 /* Resources */ = {
			isa = PBXResourcesBuildPhase;
			buildActionMask = 2147483647;
			files = (
				4344696A17CC55C400EAC059 /* InfoPlist.strings in Resources */,
			);
			runOnlyForDeploymentPostprocessing = 0;
		};
/* End PBXResourcesBuildPhase section */

/* Begin PBXSourcesBuildPhase section */
		4344693617CC55C400EAC059 /* Sources */ = {
			isa = PBXSourcesBuildPhase;
			buildActionMask = 2147483647;
			files = (
				4344694A17CC55C400EAC059 /* main.m in Sources */,
				4344697B17CC57BB00EAC059 /* HelloScene.m in Sources */,
				4344694E17CC55C400EAC059 /* SpriteAppDelegate.m in Sources */,
				4344695717CC55C400EAC059 /* SpriteViewController.m in Sources */,
			);
			runOnlyForDeploymentPostprocessing = 0;
		};
		4344695A17CC55C400EAC059 /* Sources */ = {
			isa = PBXSourcesBuildPhase;
			buildActionMask = 2147483647;
			files = (
				4344696C17CC55C400EAC059 /* SpriteWalkthroughTests.m in Sources */,
			);
			runOnlyForDeploymentPostprocessing = 0;
		};
/* End PBXSourcesBuildPhase section */

/* Begin PBXTargetDependency section */
		4344696417CC55C400EAC059 /* PBXTargetDependency */ = {
			isa = PBXTargetDependency;
			target = 4344693917CC55C400EAC059 /* SpriteWalkthrough */;
			targetProxy = 4344696317CC55C400EAC059 /* PBXContainerItemProxy */;
		};
/* End PBXTargetDependency section */

/* Begin PBXVariantGroup section */
		4344694617CC55C400EAC059 /* InfoPlist.strings */ = {
			isa = PBXVariantGroup;
			children = (
				4344694717CC55C400EAC059 /* en */,
			);
			name = InfoPlist.strings;
			sourceTree = "<group>";
		};
		4344694F17CC55C400EAC059 /* Main_iPhone.storyboard */ = {
			isa = PBXVariantGroup;
			children = (
				4344695017CC55C400EAC059 /* Base */,
			);
			name = Main_iPhone.storyboard;
			sourceTree = "<group>";
		};
		4344695217CC55C400EAC059 /* Main_iPad.storyboard */ = {
			isa = PBXVariantGroup;
			children = (
				4344695317CC55C400EAC059 /* Base */,
			);
			name = Main_iPad.storyboard;
			sourceTree = "<group>";
		};
		4344696817CC55C400EAC059 /* InfoPlist.strings */ = {
			isa = PBXVariantGroup;
			children = (
				4344696917CC55C400EAC059 /* en */,
			);
			name = InfoPlist.strings;
			sourceTree = "<group>";
		};
/* End PBXVariantGroup section */

/* Begin XCBuildConfiguration section */
		4344696D17CC55C400EAC059 /* Debug */ = {
			isa = XCBuildConfiguration;
			buildSettings = {
				ALWAYS_SEARCH_USER_PATHS = NO;
				CLANG_CXX_LANGUAGE_STANDARD = "gnu++0x";
				CLANG_CXX_LIBRARY = "libc++";
				CLANG_ENABLE_MODULES = YES;
				CLANG_ENABLE_OBJC_ARC = YES;
				CLANG_WARN_BOOL_CONVERSION = YES;
				CLANG_WARN_CONSTANT_CONVERSION = YES;
				CLANG_WARN_DIRECT_OBJC_ISA_USAGE = YES_ERROR;
				CLANG_WARN_EMPTY_BODY = YES;
				CLANG_WARN_ENUM_CONVERSION = YES;
				CLANG_WARN_INT_CONVERSION = YES;
				CLANG_WARN_OBJC_ROOT_CLASS = YES_ERROR;
				CLANG_WARN__DUPLICATE_METHOD_MATCH = YES;
				"CODE_SIGN_IDENTITY[sdk=iphoneos*]" = "iPhone Developer";
				COPY_PHASE_STRIP = NO;
				GCC_C_LANGUAGE_STANDARD = gnu99;
				GCC_DYNAMIC_NO_PIC = NO;
				GCC_OPTIMIZATION_LEVEL = 0;
				GCC_PREPROCESSOR_DEFINITIONS = (
					"DEBUG=1",
					"$(inherited)",
				);
				GCC_SYMBOLS_PRIVATE_EXTERN = NO;
				GCC_WARN_ABOUT_RETURN_TYPE = YES_ERROR;
				GCC_WARN_UNDECLARED_SELECTOR = YES;
				GCC_WARN_UNINITIALIZED_AUTOS = YES;
				GCC_WARN_UNUSED_FUNCTION = YES;
				GCC_WARN_UNUSED_VARIABLE = YES;
				IPHONEOS_DEPLOYMENT_TARGET = 7.0;
				ONLY_ACTIVE_ARCH = YES;
				SDKROOT = iphoneos;
				TARGETED_DEVICE_FAMILY = "1,2";
			};
			name = Debug;
		};
		4344696E17CC55C400EAC059 /* Release */ = {
			isa = XCBuildConfiguration;
			buildSettings = {
				ALWAYS_SEARCH_USER_PATHS = NO;
				CLANG_CXX_LANGUAGE_STANDARD = "gnu++0x";
				CLANG_CXX_LIBRARY = "libc++";
				CLANG_ENABLE_MODULES = YES;
				CLANG_ENABLE_OBJC_ARC = YES;
				CLANG_WARN_BOOL_CONVERSION = YES;
				CLANG_WARN_CONSTANT_CONVERSION = YES;
				CLANG_WARN_DIRECT_OBJC_ISA_USAGE = YES_ERROR;
				CLANG_WARN_EMPTY_BODY = YES;
				CLANG_WARN_ENUM_CONVERSION = YES;
				CLANG_WARN_INT_CONVERSION = YES;
				CLANG_WARN_OBJC_ROOT_CLASS = YES_ERROR;
				CLANG_WARN__DUPLICATE_METHOD_MATCH = YES;
				"CODE_SIGN_IDENTITY[sdk=iphoneos*]" = "iPhone Developer";
				COPY_PHASE_STRIP = YES;
				ENABLE_NS_ASSERTIONS = NO;
				GCC_C_LANGUAGE_STANDARD = gnu99;
				GCC_WARN_ABOUT_RETURN_TYPE = YES_ERROR;
				GCC_WARN_UNDECLARED_SELECTOR = YES;
				GCC_WARN_UNINITIALIZED_AUTOS = YES;
				GCC_WARN_UNUSED_FUNCTION = YES;
				GCC_WARN_UNUSED_VARIABLE = YES;
				IPHONEOS_DEPLOYMENT_TARGET = 7.0;
				SDKROOT = iphoneos;
				TARGETED_DEVICE_FAMILY = "1,2";
				VALIDATE_PRODUCT = YES;
			};
			name = Release;
		};
		4344697017CC55C400EAC059 /* Debug */ = {
			isa = XCBuildConfiguration;
			buildSettings = {
				ASSETCATALOG_COMPILER_APPICON_NAME = AppIcon;
				ASSETCATALOG_COMPILER_LAUNCHIMAGE_NAME = LaunchImage;
				GCC_PRECOMPILE_PREFIX_HEADER = YES;
				GCC_PREFIX_HEADER = "SpriteWalkthrough/SpriteWalkthrough-Prefix.pch";
				INFOPLIST_FILE = "SpriteWalkthrough/SpriteWalkthrough-Info.plist";
				PRODUCT_NAME = "$(TARGET_NAME)";
				WRAPPER_EXTENSION = app;
			};
			name = Debug;
		};
		4344697117CC55C400EAC059 /* Release */ = {
			isa = XCBuildConfiguration;
			buildSettings = {
				ASSETCATALOG_COMPILER_APPICON_NAME = AppIcon;
				ASSETCATALOG_COMPILER_LAUNCHIMAGE_NAME = LaunchImage;
				GCC_PRECOMPILE_PREFIX_HEADER = YES;
				GCC_PREFIX_HEADER = "SpriteWalkthrough/SpriteWalkthrough-Prefix.pch";
				INFOPLIST_FILE = "SpriteWalkthrough/SpriteWalkthrough-Info.plist";
				PRODUCT_NAME = "$(TARGET_NAME)";
				WRAPPER_EXTENSION = app;
			};
			name = Release;
		};
		4344697317CC55C400EAC059 /* Debug */ = {
			isa = XCBuildConfiguration;
			buildSettings = {
				BUNDLE_LOADER = "$(BUILT_PRODUCTS_DIR)/SpriteWalkthrough.app/SpriteWalkthrough";
				FRAMEWORK_SEARCH_PATHS = (
					"$(SDKROOT)/Developer/Library/Frameworks",
					"$(inherited)",
					"$(DEVELOPER_FRAMEWORKS_DIR)",
				);
				GCC_PRECOMPILE_PREFIX_HEADER = YES;
				GCC_PREFIX_HEADER = "SpriteWalkthrough/SpriteWalkthrough-Prefix.pch";
				GCC_PREPROCESSOR_DEFINITIONS = (
					"DEBUG=1",
					"$(inherited)",
				);
				INFOPLIST_FILE = "SpriteWalkthroughTests/SpriteWalkthroughTests-Info.plist";
				PRODUCT_NAME = "$(TARGET_NAME)";
				TEST_HOST = "$(BUNDLE_LOADER)";
				WRAPPER_EXTENSION = xctest;
			};
			name = Debug;
		};
		4344697417CC55C400EAC059 /* Release */ = {
			isa = XCBuildConfiguration;
			buildSettings = {
				BUNDLE_LOADER = "$(BUILT_PRODUCTS_DIR)/SpriteWalkthrough.app/SpriteWalkthrough";
				FRAMEWORK_SEARCH_PATHS = (
					"$(SDKROOT)/Developer/Library/Frameworks",
					"$(inherited)",
					"$(DEVELOPER_FRAMEWORKS_DIR)",
				);
				GCC_PRECOMPILE_PREFIX_HEADER = YES;
				GCC_PREFIX_HEADER = "SpriteWalkthrough/SpriteWalkthrough-Prefix.pch";
				INFOPLIST_FILE = "SpriteWalkthroughTests/SpriteWalkthroughTests-Info.plist";
				PRODUCT_NAME = "$(TARGET_NAME)";
				TEST_HOST = "$(BUNDLE_LOADER)";
				WRAPPER_EXTENSION = xctest;
			};
			name = Release;
		};
/* End XCBuildConfiguration section */

/* Begin XCConfigurationList section */
		4344693517CC55C400EAC059 /* Build configuration list for PBXProject "SpriteWalkthrough" */ = {
			isa = XCConfigurationList;
			buildConfigurations = (
				4344696D17CC55C400EAC059 /* Debug */,
				4344696E17CC55C400EAC059 /* Release */,
			);
			defaultConfigurationIsVisible = 0;
			defaultConfigurationName = Release;
		};
		4344696F17CC55C400EAC059 /* Build configuration list for PBXNativeTarget "SpriteWalkthrough" */ = {
			isa = XCConfigurationList;
			buildConfigurations = (
				4344697017CC55C400EAC059 /* Debug */,
				4344697117CC55C400EAC059 /* Release */,
			);
			defaultConfigurationIsVisible = 0;
			defaultConfigurationName = Release;
		};
		4344697217CC55C400EAC059 /* Build configuration list for PBXNativeTarget "SpriteWalkthroughTests" */ = {
			isa = XCConfigurationList;
			buildConfigurations = (
				4344697317CC55C400EAC059 /* Debug */,
				4344697417CC55C400EAC059 /* Release */,
			);
			defaultConfigurationIsVisible = 0;
			defaultConfigurationName = Release;
		};
/* End XCConfigurationList section */
	};
	rootObject = 4344693217CC55C400EAC059 /* Project object */;
}
